
Microsoft Visual Studio Solution File, Format Version 12.00
# Visual Studio 15
VisualStudioVersion = 15.0.27004.2006
MinimumVisualStudioVersion = 10.0.40219.1
Project("{F184B08F-C81C-45F6-A57F-5ABD9991F28F}") = "login nerv", "login nerv\login nerv.vbproj", "{76581C4F-30DA-4BE9-8598-E66FF39CF1CE}"
EndProject
Global
	GlobalSection(SolutionConfigurationPlatforms) = preSolution
		Debug|Any CPU = Debug|Any CPU
		Release|Any CPU = Release|Any CPU
	EndGlobalSection
	GlobalSection(ProjectConfigurationPlatforms) = postSolution
		{76581C4F-30DA-4BE9-8598-E66FF39CF1CE}.Debug|Any CPU.ActiveCfg = Debug|Any CPU
		{76581C4F-30DA-4BE9-8598-E66FF39CF1CE}.Debug|Any CPU.Build.0 = Debug|Any CPU
		{76581C4F-30DA-4BE9-8598-E66FF39CF1CE}.Release|Any CPU.ActiveCfg = Release|Any CPU
		{76581C4F-30DA-4BE9-8598-E66FF39CF1CE}.Release|Any CPU.Build.0 = Release|Any CPU
	EndGlobalSection
	GlobalSection(SolutionProperties) = preSolution
		HideSolutionNode = FALSE
	EndGlobalSection
	GlobalSection(ExtensibilityGlobals) = postSolution
		SolutionGuid = {736E4B28-7C51-438E-8275-7161683BCBE9}
	EndGlobalSection
EndGlobal
